
Microsoft Visual Studio Solution File, Format Version 12.00
# Visual Studio Version 17
VisualStudioVersion = 17.13.35828.75 d17.13
MinimumVisualStudioVersion = 10.0.40219.1
Project("{FAE04EC0-301F-11D3-BF4B-00C04F79EFBC}") = "PropertiesApi", "PropertiesApi\PropertiesApi.csproj", "{C0B918B7-1A22-406E-AEBD-FDF15CAEB054}"
EndProject
Project("{FAE04EC0-301F-11D3-BF4B-00C04F79EFBC}") = "ReservationApi", "ReservationApi\ReservationApi.csproj", "{508892C7-3DDE-4D66-A9C9-D1A130069948}"
EndProject
Global
	GlobalSection(SolutionConfigurationPlatforms) = preSolution
		Debug|Any CPU = Debug|Any CPU
		Release|Any CPU = Release|Any CPU
	EndGlobalSection
	GlobalSection(ProjectConfigurationPlatforms) = postSolution
		{C0B918B7-1A22-406E-AEBD-FDF15CAEB054}.Debug|Any CPU.ActiveCfg = Debug|Any CPU
		{C0B918B7-1A22-406E-AEBD-FDF15CAEB054}.Debug|Any CPU.Build.0 = Debug|Any CPU
		{C0B918B7-1A22-406E-AEBD-FDF15CAEB054}.Release|Any CPU.ActiveCfg = Release|Any CPU
		{C0B918B7-1A22-406E-AEBD-FDF15CAEB054}.Release|Any CPU.Build.0 = Release|Any CPU
		{508892C7-3DDE-4D66-A9C9-D1A130069948}.Debug|Any CPU.ActiveCfg = Debug|Any CPU
		{508892C7-3DDE-4D66-A9C9-D1A130069948}.Debug|Any CPU.Build.0 = Debug|Any CPU
		{508892C7-3DDE-4D66-A9C9-D1A130069948}.Release|Any CPU.ActiveCfg = Release|Any CPU
		{508892C7-3DDE-4D66-A9C9-D1A130069948}.Release|Any CPU.Build.0 = Release|Any CPU
	EndGlobalSection
	GlobalSection(SolutionProperties) = preSolution
		HideSolutionNode = FALSE
	EndGlobalSection
	GlobalSection(ExtensibilityGlobals) = postSolution
		SolutionGuid = {8AAB0D5D-9F75-4D4A-A8F3-AB2804EF7432}
	EndGlobalSection
EndGlobal
