
Microsoft Visual Studio Solution File, Format Version 12.00
# Visual Studio Version 17
VisualStudioVersion = 17.13.35828.75 d17.13
MinimumVisualStudioVersion = 10.0.40219.1
Project("{FAE04EC0-301F-11D3-BF4B-00C04F79EFBC}") = "OrderManager", "OrderManager\OrderManager.csproj", "{CCA85BE4-33A6-404C-BE85-AF824D6402B9}"
EndProject
Global
	GlobalSection(SolutionConfigurationPlatforms) = preSolution
		Debug|Any CPU = Debug|Any CPU
		Release|Any CPU = Release|Any CPU
	EndGlobalSection
	GlobalSection(ProjectConfigurationPlatforms) = postSolution
		{CCA85BE4-33A6-404C-BE85-AF824D6402B9}.Debug|Any CPU.ActiveCfg = Debug|Any CPU
		{CCA85BE4-33A6-404C-BE85-AF824D6402B9}.Debug|Any CPU.Build.0 = Debug|Any CPU
		{CCA85BE4-33A6-404C-BE85-AF824D6402B9}.Release|Any CPU.ActiveCfg = Release|Any CPU
		{CCA85BE4-33A6-404C-BE85-AF824D6402B9}.Release|Any CPU.Build.0 = Release|Any CPU
	EndGlobalSection
	GlobalSection(SolutionProperties) = preSolution
		HideSolutionNode = FALSE
	EndGlobalSection
	GlobalSection(ExtensibilityGlobals) = postSolution
		SolutionGuid = {B3506576-7AD6-4A63-87C3-E46CA276A21E}
	EndGlobalSection
EndGlobal
